
Microsoft Visual Studio Solution File, Format Version 12.00
# Visual Studio Version 17
VisualStudioVersion = 17.0.31903.59
MinimumVisualStudioVersion = 10.0.40219.1
Project("{2150E333-8FDC-42A3-9474-1A3956D46DE8}") = "src", "src", "{827E0CD3-B72D-47B6-A68D-7590B98EB39B}"
EndProject
Project("{FAE04EC0-301F-11D3-BF4B-00C04F79EFBC}") = "RemoteDesktop.Server", "src\RemoteDesktop.Server\RemoteDesktop.Server.csproj", "{740E71AA-C270-4DFD-9EE8-70514E28A146}"
EndProject
Project("{FAE04EC0-301F-11D3-BF4B-00C04F79EFBC}") = "RemoteDesktop.Agent", "src\RemoteDesktop.Agent\RemoteDesktop.Agent.csproj", "{0FB236C9-D38F-47A4-B0F3-A8A298276826}"
EndProject
Project("{FAE04EC0-301F-11D3-BF4B-00C04F79EFBC}") = "RemoteDesktop.AdminApp", "src\RemoteDesktop.AdminApp\RemoteDesktop.AdminApp.csproj", "{232EB30F-A5A2-4449-A65E-D23357584C04}"
EndProject
Global
	GlobalSection(SolutionConfigurationPlatforms) = preSolution
		Debug|Any CPU = Debug|Any CPU
		Debug|x64 = Debug|x64
		Debug|x86 = Debug|x86
		Release|Any CPU = Release|Any CPU
		Release|x64 = Release|x64
		Release|x86 = Release|x86
	EndGlobalSection
	GlobalSection(ProjectConfigurationPlatforms) = postSolution
		{740E71AA-C270-4DFD-9EE8-70514E28A146}.Debug|Any CPU.ActiveCfg = Debug|Any CPU
		{740E71AA-C270-4DFD-9EE8-70514E28A146}.Debug|Any CPU.Build.0 = Debug|Any CPU
		{740E71AA-C270-4DFD-9EE8-70514E28A146}.Debug|x64.ActiveCfg = Debug|Any CPU
		{740E71AA-C270-4DFD-9EE8-70514E28A146}.Debug|x64.Build.0 = Debug|Any CPU
		{740E71AA-C270-4DFD-9EE8-70514E28A146}.Debug|x86.ActiveCfg = Debug|Any CPU
		{740E71AA-C270-4DFD-9EE8-70514E28A146}.Debug|x86.Build.0 = Debug|Any CPU
		{740E71AA-C270-4DFD-9EE8-70514E28A146}.Release|Any CPU.ActiveCfg = Release|Any CPU
		{740E71AA-C270-4DFD-9EE8-70514E28A146}.Release|Any CPU.Build.0 = Release|Any CPU
		{740E71AA-C270-4DFD-9EE8-70514E28A146}.Release|x64.ActiveCfg = Release|Any CPU
		{740E71AA-C270-4DFD-9EE8-70514E28A146}.Release|x64.Build.0 = Release|Any CPU
		{740E71AA-C270-4DFD-9EE8-70514E28A146}.Release|x86.ActiveCfg = Release|Any CPU
		{740E71AA-C270-4DFD-9EE8-70514E28A146}.Release|x86.Build.0 = Release|Any CPU
		{0FB236C9-D38F-47A4-B0F3-A8A298276826}.Debug|Any CPU.ActiveCfg = Debug|Any CPU
		{0FB236C9-D38F-47A4-B0F3-A8A298276826}.Debug|Any CPU.Build.0 = Debug|Any CPU
		{0FB236C9-D38F-47A4-B0F3-A8A298276826}.Debug|x64.ActiveCfg = Debug|Any CPU
		{0FB236C9-D38F-47A4-B0F3-A8A298276826}.Debug|x64.Build.0 = Debug|Any CPU
		{0FB236C9-D38F-47A4-B0F3-A8A298276826}.Debug|x86.ActiveCfg = Debug|Any CPU
		{0FB236C9-D38F-47A4-B0F3-A8A298276826}.Debug|x86.Build.0 = Debug|Any CPU
		{0FB236C9-D38F-47A4-B0F3-A8A298276826}.Release|Any CPU.ActiveCfg = Release|Any CPU
		{0FB236C9-D38F-47A4-B0F3-A8A298276826}.Release|Any CPU.Build.0 = Release|Any CPU
		{0FB236C9-D38F-47A4-B0F3-A8A298276826}.Release|x64.ActiveCfg = Release|Any CPU
		{0FB236C9-D38F-47A4-B0F3-A8A298276826}.Release|x64.Build.0 = Release|Any CPU
		{0FB236C9-D38F-47A4-B0F3-A8A298276826}.Release|x86.ActiveCfg = Release|Any CPU
		{0FB236C9-D38F-47A4-B0F3-A8A298276826}.Release|x86.Build.0 = Release|Any CPU
		{232EB30F-A5A2-4449-A65E-D23357584C04}.Debug|Any CPU.ActiveCfg = Debug|Any CPU
		{232EB30F-A5A2-4449-A65E-D23357584C04}.Debug|Any CPU.Build.0 = Debug|Any CPU
		{232EB30F-A5A2-4449-A65E-D23357584C04}.Debug|x64.ActiveCfg = Debug|Any CPU
		{232EB30F-A5A2-4449-A65E-D23357584C04}.Debug|x64.Build.0 = Debug|Any CPU
		{232EB30F-A5A2-4449-A65E-D23357584C04}.Debug|x86.ActiveCfg = Debug|Any CPU
		{232EB30F-A5A2-4449-A65E-D23357584C04}.Debug|x86.Build.0 = Debug|Any CPU
		{232EB30F-A5A2-4449-A65E-D23357584C04}.Release|Any CPU.ActiveCfg = Release|Any CPU
		{232EB30F-A5A2-4449-A65E-D23357584C04}.Release|Any CPU.Build.0 = Release|Any CPU
		{232EB30F-A5A2-4449-A65E-D23357584C04}.Release|x64.ActiveCfg = Release|Any CPU
		{232EB30F-A5A2-4449-A65E-D23357584C04}.Release|x64.Build.0 = Release|Any CPU
		{232EB30F-A5A2-4449-A65E-D23357584C04}.Release|x86.ActiveCfg = Release|Any CPU
		{232EB30F-A5A2-4449-A65E-D23357584C04}.Release|x86.Build.0 = Release|Any CPU
	EndGlobalSection
	GlobalSection(SolutionProperties) = preSolution
		HideSolutionNode = FALSE
	EndGlobalSection
	GlobalSection(NestedProjects) = preSolution
		{740E71AA-C270-4DFD-9EE8-70514E28A146} = {827E0CD3-B72D-47B6-A68D-7590B98EB39B}
		{0FB236C9-D38F-47A4-B0F3-A8A298276826} = {827E0CD3-B72D-47B6-A68D-7590B98EB39B}
		{232EB30F-A5A2-4449-A65E-D23357584C04} = {827E0CD3-B72D-47B6-A68D-7590B98EB39B}
	EndGlobalSection
EndGlobal
